
Microsoft Visual Studio Solution File, Format Version 12.00
# Visual Studio 15
VisualStudioVersion = 15.0.28307.136
MinimumVisualStudioVersion = 10.0.40219.1
Project("{9A19103F-16F7-4668-BE54-9A1E7A4F7556}") = "Oppari", "Oppari\Oppari.csproj", "{DEB79FD5-88A7-4535-892C-BEF794FC781F}"
EndProject
Project("{FAE04EC0-301F-11D3-BF4B-00C04F79EFBC}") = "StringLibraryTest", "StringLibraryTest\StringLibraryTest.csproj", "{02372585-0B1B-45AC-B827-6D6A35E7C80B}"
EndProject
Project("{FAE04EC0-301F-11D3-BF4B-00C04F79EFBC}") = "StringLibrary", "StringLibrary\StringLibrary.csproj", "{4BDBB19A-4986-4921-BC9C-7138743399BB}"
EndProject
Project("{FAE04EC0-301F-11D3-BF4B-00C04F79EFBC}") = "UnitTests", "UnitTests\UnitTests.csproj", "{A522EAE4-94DC-4BA5-9428-F004642B9A79}"
EndProject
Global
	GlobalSection(SolutionConfigurationPlatforms) = preSolution
		Debug|Any CPU = Debug|Any CPU
		Release|Any CPU = Release|Any CPU
	EndGlobalSection
	GlobalSection(ProjectConfigurationPlatforms) = postSolution
		{DEB79FD5-88A7-4535-892C-BEF794FC781F}.Debug|Any CPU.ActiveCfg = Debug|Any CPU
		{DEB79FD5-88A7-4535-892C-BEF794FC781F}.Debug|Any CPU.Build.0 = Debug|Any CPU
		{DEB79FD5-88A7-4535-892C-BEF794FC781F}.Release|Any CPU.ActiveCfg = Release|Any CPU
		{DEB79FD5-88A7-4535-892C-BEF794FC781F}.Release|Any CPU.Build.0 = Release|Any CPU
		{02372585-0B1B-45AC-B827-6D6A35E7C80B}.Debug|Any CPU.ActiveCfg = Debug|Any CPU
		{02372585-0B1B-45AC-B827-6D6A35E7C80B}.Debug|Any CPU.Build.0 = Debug|Any CPU
		{02372585-0B1B-45AC-B827-6D6A35E7C80B}.Release|Any CPU.ActiveCfg = Release|Any CPU
		{02372585-0B1B-45AC-B827-6D6A35E7C80B}.Release|Any CPU.Build.0 = Release|Any CPU
		{4BDBB19A-4986-4921-BC9C-7138743399BB}.Debug|Any CPU.ActiveCfg = Debug|Any CPU
		{4BDBB19A-4986-4921-BC9C-7138743399BB}.Debug|Any CPU.Build.0 = Debug|Any CPU
		{4BDBB19A-4986-4921-BC9C-7138743399BB}.Release|Any CPU.ActiveCfg = Release|Any CPU
		{4BDBB19A-4986-4921-BC9C-7138743399BB}.Release|Any CPU.Build.0 = Release|Any CPU
		{A522EAE4-94DC-4BA5-9428-F004642B9A79}.Debug|Any CPU.ActiveCfg = Debug|Any CPU
		{A522EAE4-94DC-4BA5-9428-F004642B9A79}.Debug|Any CPU.Build.0 = Debug|Any CPU
		{A522EAE4-94DC-4BA5-9428-F004642B9A79}.Release|Any CPU.ActiveCfg = Release|Any CPU
		{A522EAE4-94DC-4BA5-9428-F004642B9A79}.Release|Any CPU.Build.0 = Release|Any CPU
	EndGlobalSection
	GlobalSection(SolutionProperties) = preSolution
		HideSolutionNode = FALSE
	EndGlobalSection
	GlobalSection(ExtensibilityGlobals) = postSolution
		SolutionGuid = {D80EA2A5-FA17-47A6-8226-0FDBA0C89B9D}
	EndGlobalSection
EndGlobal
