
Microsoft Visual Studio Solution File, Format Version 12.00
# Visual Studio 15
VisualStudioVersion = 15.0.28307.136
MinimumVisualStudioVersion = 10.0.40219.1
Project("{FAE04EC0-301F-11D3-BF4B-00C04F79EFBC}") = "Oppari", "Oppari\Oppari.csproj", "{C2FEA803-27BD-4DB6-A272-B5EA7BCCAE41}"
EndProject
Project("{FAE04EC0-301F-11D3-BF4B-00C04F79EFBC}") = "UnitTests", "UnitTests\UnitTests.csproj", "{79FD34C9-29F4-418B-AC21-CEF5CE38EEAB}"
EndProject
Global
	GlobalSection(SolutionConfigurationPlatforms) = preSolution
		Debug|Any CPU = Debug|Any CPU
		Release|Any CPU = Release|Any CPU
	EndGlobalSection
	GlobalSection(ProjectConfigurationPlatforms) = postSolution
		{C2FEA803-27BD-4DB6-A272-B5EA7BCCAE41}.Debug|Any CPU.ActiveCfg = Debug|Any CPU
		{C2FEA803-27BD-4DB6-A272-B5EA7BCCAE41}.Debug|Any CPU.Build.0 = Debug|Any CPU
		{C2FEA803-27BD-4DB6-A272-B5EA7BCCAE41}.Release|Any CPU.ActiveCfg = Release|Any CPU
		{C2FEA803-27BD-4DB6-A272-B5EA7BCCAE41}.Release|Any CPU.Build.0 = Release|Any CPU
		{79FD34C9-29F4-418B-AC21-CEF5CE38EEAB}.Debug|Any CPU.ActiveCfg = Debug|Any CPU
		{79FD34C9-29F4-418B-AC21-CEF5CE38EEAB}.Debug|Any CPU.Build.0 = Debug|Any CPU
		{79FD34C9-29F4-418B-AC21-CEF5CE38EEAB}.Release|Any CPU.ActiveCfg = Release|Any CPU
		{79FD34C9-29F4-418B-AC21-CEF5CE38EEAB}.Release|Any CPU.Build.0 = Release|Any CPU
	EndGlobalSection
	GlobalSection(SolutionProperties) = preSolution
		HideSolutionNode = FALSE
	EndGlobalSection
	GlobalSection(ExtensibilityGlobals) = postSolution
		SolutionGuid = {1C09F980-5E9A-48FA-95DC-444A782A174D}
	EndGlobalSection
EndGlobal
